
Microsoft Visual Studio Solution File, Format Version 12.00
# Visual Studio Version 17
VisualStudioVersion = 17.9.34728.123
MinimumVisualStudioVersion = 10.0.40219.1
Project("{FAE04EC0-301F-11D3-BF4B-00C04F79EFBC}") = "Program.Web", "Program.Web\Program.Web.csproj", "{80025241-B4A9-46AF-9E9F-8B2EF867FF2E}"
EndProject
Global
	GlobalSection(SolutionConfigurationPlatforms) = preSolution
		Debug|Any CPU = Debug|Any CPU
		Release|Any CPU = Release|Any CPU
	EndGlobalSection
	GlobalSection(ProjectConfigurationPlatforms) = postSolution
		{80025241-B4A9-46AF-9E9F-8B2EF867FF2E}.Debug|Any CPU.ActiveCfg = Debug|Any CPU
		{80025241-B4A9-46AF-9E9F-8B2EF867FF2E}.Debug|Any CPU.Build.0 = Debug|Any CPU
		{80025241-B4A9-46AF-9E9F-8B2EF867FF2E}.Release|Any CPU.ActiveCfg = Release|Any CPU
		{80025241-B4A9-46AF-9E9F-8B2EF867FF2E}.Release|Any CPU.Build.0 = Release|Any CPU
	EndGlobalSection
	GlobalSection(SolutionProperties) = preSolution
		HideSolutionNode = FALSE
	EndGlobalSection
	GlobalSection(ExtensibilityGlobals) = postSolution
		SolutionGuid = {AE828974-01D0-4467-A30D-3C9801BD5A69}
	EndGlobalSection
EndGlobal
